
Microsoft Visual Studio Solution File, Format Version 12.00
# Visual Studio Version 17
VisualStudioVersion = 17.3.32929.385
MinimumVisualStudioVersion = 10.0.40219.1
Project("{FAE04EC0-301F-11D3-BF4B-00C04F79EFBC}") = "BuildingRefrigerator", "BuildingRefrigerator\BuildingRefrigerator.csproj", "{EF694973-BACB-43C1-A805-98E3DA73A175}"
EndProject
Global
	GlobalSection(SolutionConfigurationPlatforms) = preSolution
		Debug|Any CPU = Debug|Any CPU
		Release|Any CPU = Release|Any CPU
	EndGlobalSection
	GlobalSection(ProjectConfigurationPlatforms) = postSolution
		{EF694973-BACB-43C1-A805-98E3DA73A175}.Debug|Any CPU.ActiveCfg = Debug|Any CPU
		{EF694973-BACB-43C1-A805-98E3DA73A175}.Debug|Any CPU.Build.0 = Debug|Any CPU
		{EF694973-BACB-43C1-A805-98E3DA73A175}.Release|Any CPU.ActiveCfg = Release|Any CPU
		{EF694973-BACB-43C1-A805-98E3DA73A175}.Release|Any CPU.Build.0 = Release|Any CPU
	EndGlobalSection
	GlobalSection(SolutionProperties) = preSolution
		HideSolutionNode = FALSE
	EndGlobalSection
	GlobalSection(ExtensibilityGlobals) = postSolution
		SolutionGuid = {B37BCEF7-3014-421D-B7DD-31488850B0F4}
	EndGlobalSection
EndGlobal
